// !$*UTF8*$!
{
	archiveVersion = 1;
	classes = {
	};
	objectVersion = 46;
	objects = {

/* Begin PBXBuildFile section */
		2A17683F1A80F76900A7790F /* AppDelegate.m in Sources */ = {isa = PBXBuildFile; fileRef = 2A17683E1A80F76900A7790F /* AppDelegate.m */; };
		2A1768411A80F76900A7790F /* main.m in Sources */ = {isa = PBXBuildFile; fileRef = 2A1768401A80F76900A7790F /* main.m */; };
		2A1768431A80F76900A7790F /* Images.xcassets in Resources */ = {isa = PBXBuildFile; fileRef = 2A1768421A80F76900A7790F /* Images.xcassets */; };
		2A1768521A80F76900A7790F /* MongoBoxTests.m in Sources */ = {isa = PBXBuildFile; fileRef = 2A1768511A80F76900A7790F /* MongoBoxTests.m */; };
		2A19F85E1A8E5BF9003F9335 /* DefaultPreferences.plist in Resources */ = {isa = PBXBuildFile; fileRef = 2A19F85D1A8E5BF9003F9335 /* DefaultPreferences.plist */; };
		2A319B9B1A8EC7050099913A /* mongod in CopyFiles */ = {isa = PBXBuildFile; fileRef = 2A319B9A1A8EC7050099913A /* mongod */; settings = {ATTRIBUTES = (CodeSignOnCopy, ); }; };
		2A319B9C1A8EC86C0099913A /* MainMenu.xib in Resources */ = {isa = PBXBuildFile; fileRef = 2A1768441A80F76900A7790F /* MainMenu.xib */; };
/* End PBXBuildFile section */

/* Begin PBXContainerItemProxy section */
		2A17684C1A80F76900A7790F /* PBXContainerItemProxy */ = {
			isa = PBXContainerItemProxy;
			containerPortal = 2A1768301A80F76900A7790F /* Project object */;
			proxyType = 1;
			remoteGlobalIDString = 2A1768371A80F76900A7790F;
			remoteInfo = MongoBox;
		};
/* End PBXContainerItemProxy section */

/* Begin PBXCopyFilesBuildPhase section */
		2A19F85B1A8E58EF003F9335 /* CopyFiles */ = {
			isa = PBXCopyFilesBuildPhase;
			buildActionMask = 12;
			dstPath = Mongo;
			dstSubfolderSpec = 7;
			files = (
				2A319B9B1A8EC7050099913A /* mongod in CopyFiles */,
			);
			runOnlyForDeploymentPostprocessing = 0;
		};
/* End PBXCopyFilesBuildPhase section */

/* Begin PBXFileReference section */
		2A1768381A80F76900A7790F /* MongoBox.app */ = {isa = PBXFileReference; explicitFileType = wrapper.application; includeInIndex = 0; path = MongoBox.app; sourceTree = BUILT_PRODUCTS_DIR; };
		2A17683C1A80F76900A7790F /* Info.plist */ = {isa = PBXFileReference; lastKnownFileType = text.plist.xml; path = Info.plist; sourceTree = "<group>"; };
		2A17683D1A80F76900A7790F /* AppDelegate.h */ = {isa = PBXFileReference; lastKnownFileType = sourcecode.c.h; path = AppDelegate.h; sourceTree = "<group>"; };
		2A17683E1A80F76900A7790F /* AppDelegate.m */ = {isa = PBXFileReference; lastKnownFileType = sourcecode.c.objc; path = AppDelegate.m; sourceTree = "<group>"; };
		2A1768401A80F76900A7790F /* main.m */ = {isa = PBXFileReference; lastKnownFileType = sourcecode.c.objc; path = main.m; sourceTree = "<group>"; };
		2A1768421A80F76900A7790F /* Images.xcassets */ = {isa = PBXFileReference; lastKnownFileType = folder.assetcatalog; path = Images.xcassets; sourceTree = "<group>"; };
		2A1768451A80F76900A7790F /* Base */ = {isa = PBXFileReference; lastKnownFileType = file.xib; name = Base; path = Base.lproj/MainMenu.xib; sourceTree = "<group>"; };
		2A17684B1A80F76900A7790F /* MongoBoxTests.xctest */ = {isa = PBXFileReference; explicitFileType = wrapper.cfbundle; includeInIndex = 0; path = MongoBoxTests.xctest; sourceTree = BUILT_PRODUCTS_DIR; };
		2A1768501A80F76900A7790F /* Info.plist */ = {isa = PBXFileReference; lastKnownFileType = text.plist.xml; path = Info.plist; sourceTree = "<group>"; };
		2A1768511A80F76900A7790F /* MongoBoxTests.m */ = {isa = PBXFileReference; lastKnownFileType = sourcecode.c.objc; path = MongoBoxTests.m; sourceTree = "<group>"; };
		2A19F85D1A8E5BF9003F9335 /* DefaultPreferences.plist */ = {isa = PBXFileReference; fileEncoding = 4; lastKnownFileType = text.plist.xml; path = DefaultPreferences.plist; sourceTree = "<group>"; };
		2A319B9A1A8EC7050099913A /* mongod */ = {isa = PBXFileReference; lastKnownFileType = "compiled.mach-o.executable"; name = mongod; path = MongoBox/mongo/mongod; sourceTree = "<group>"; };
/* End PBXFileReference section */

/* Begin PBXFrameworksBuildPhase section */
		2A1768351A80F76900A7790F /* Frameworks */ = {
			isa = PBXFrameworksBuildPhase;
			buildActionMask = 2147483647;
			files = (
			);
			runOnlyForDeploymentPostprocessing = 0;
		};
		2A1768481A80F76900A7790F /* Frameworks */ = {
			isa = PBXFrameworksBuildPhase;
			buildActionMask = 2147483647;
			files = (
			);
			runOnlyForDeploymentPostprocessing = 0;
		};
/* End PBXFrameworksBuildPhase section */

/* Begin PBXGroup section */
		2A17682F1A80F76900A7790F = {
			isa = PBXGroup;
			children = (
				2A319B9A1A8EC7050099913A /* mongod */,
				2A17683A1A80F76900A7790F /* MongoBox */,
				2A17684E1A80F76900A7790F /* MongoBoxTests */,
				2A1768391A80F76900A7790F /* Products */,
			);
			sourceTree = "<group>";
		};
		2A1768391A80F76900A7790F /* Products */ = {
			isa = PBXGroup;
			children = (
				2A1768381A80F76900A7790F /* MongoBox.app */,
				2A17684B1A80F76900A7790F /* MongoBoxTests.xctest */,
			);
			name = Products;
			sourceTree = "<group>";
		};
		2A17683A1A80F76900A7790F /* MongoBox */ = {
			isa = PBXGroup;
			children = (
				2A17683D1A80F76900A7790F /* AppDelegate.h */,
				2A17683E1A80F76900A7790F /* AppDelegate.m */,
				2A1768421A80F76900A7790F /* Images.xcassets */,
				2A1768441A80F76900A7790F /* MainMenu.xib */,
				2A17683B1A80F76900A7790F /* Supporting Files */,
			);
			path = MongoBox;
			sourceTree = "<group>";
		};
		2A17683B1A80F76900A7790F /* Supporting Files */ = {
			isa = PBXGroup;
			children = (
				2A17683C1A80F76900A7790F /* Info.plist */,
				2A1768401A80F76900A7790F /* main.m */,
				2A19F85D1A8E5BF9003F9335 /* DefaultPreferences.plist */,
			);
			name = "Supporting Files";
			sourceTree = "<group>";
		};
		2A17684E1A80F76900A7790F /* MongoBoxTests */ = {
			isa = PBXGroup;
			children = (
				2A1768511A80F76900A7790F /* MongoBoxTests.m */,
				2A17684F1A80F76900A7790F /* Supporting Files */,
			);
			path = MongoBoxTests;
			sourceTree = "<group>";
		};
		2A17684F1A80F76900A7790F /* Supporting Files */ = {
			isa = PBXGroup;
			children = (
				2A1768501A80F76900A7790F /* Info.plist */,
			);
			name = "Supporting Files";
			sourceTree = "<group>";
		};
/* End PBXGroup section */

/* Begin PBXNativeTarget section */
		2A1768371A80F76900A7790F /* Floppy */ = {
			isa = PBXNativeTarget;
			buildConfigurationList = 2A1768551A80F76900A7790F /* Build configuration list for PBXNativeTarget "Floppy" */;
			buildPhases = (
				2A1768341A80F76900A7790F /* Sources */,
				2A1768351A80F76900A7790F /* Frameworks */,
				2A1768361A80F76900A7790F /* Resources */,
				2A19F85B1A8E58EF003F9335 /* CopyFiles */,
			);
			buildRules = (
			);
			dependencies = (
			);
			name = Floppy;
			productName = MongoBox;
			productReference = 2A1768381A80F76900A7790F /* MongoBox.app */;
			productType = "com.apple.product-type.application";
		};
		2A17684A1A80F76900A7790F /* MongoBoxTests */ = {
			isa = PBXNativeTarget;
			buildConfigurationList = 2A1768581A80F76900A7790F /* Build configuration list for PBXNativeTarget "MongoBoxTests" */;
			buildPhases = (
				2A1768471A80F76900A7790F /* Sources */,
				2A1768481A80F76900A7790F /* Frameworks */,
				2A1768491A80F76900A7790F /* Resources */,
			);
			buildRules = (
			);
			dependencies = (
				2A17684D1A80F76900A7790F /* PBXTargetDependency */,
			);
			name = MongoBoxTests;
			productName = MongoBoxTests;
			productReference = 2A17684B1A80F76900A7790F /* MongoBoxTests.xctest */;
			productType = "com.apple.product-type.bundle.unit-test";
		};
/* End PBXNativeTarget section */

/* Begin PBXProject section */
		2A1768301A80F76900A7790F /* Project object */ = {
			isa = PBXProject;
			attributes = {
				LastUpgradeCheck = 0610;
				ORGANIZATIONNAME = "Andrey M";
				TargetAttributes = {
					2A1768371A80F76900A7790F = {
						CreatedOnToolsVersion = 6.1.1;
					};
					2A17684A1A80F76900A7790F = {
						CreatedOnToolsVersion = 6.1.1;
						TestTargetID = 2A1768371A80F76900A7790F;
					};
				};
			};
			buildConfigurationList = 2A1768331A80F76900A7790F /* Build configuration list for PBXProject "Floppy" */;
			compatibilityVersion = "Xcode 3.2";
			developmentRegion = English;
			hasScannedForEncodings = 0;
			knownRegions = (
				en,
				Base,
			);
			mainGroup = 2A17682F1A80F76900A7790F;
			productRefGroup = 2A1768391A80F76900A7790F /* Products */;
			projectDirPath = "";
			projectRoot = "";
			targets = (
				2A1768371A80F76900A7790F /* Floppy */,
				2A17684A1A80F76900A7790F /* MongoBoxTests */,
			);
		};
/* End PBXProject section */

/* Begin PBXResourcesBuildPhase section */
		2A1768361A80F76900A7790F /* Resources */ = {
			isa = PBXResourcesBuildPhase;
			buildActionMask = 2147483647;
			files = (
				2A19F85E1A8E5BF9003F9335 /* DefaultPreferences.plist in Resources */,
				2A1768431A80F76900A7790F /* Images.xcassets in Resources */,
				2A319B9C1A8EC86C0099913A /* MainMenu.xib in Resources */,
			);
			runOnlyForDeploymentPostprocessing = 0;
		};
		2A1768491A80F76900A7790F /* Resources */ = {
			isa = PBXResourcesBuildPhase;
			buildActionMask = 2147483647;
			files = (
			);
			runOnlyForDeploymentPostprocessing = 0;
		};
/* End PBXResourcesBuildPhase section */

/* Begin PBXSourcesBuildPhase section */
		2A1768341A80F76900A7790F /* Sources */ = {
			isa = PBXSourcesBuildPhase;
			buildActionMask = 2147483647;
			files = (
				2A1768411A80F76900A7790F /* main.m in Sources */,
				2A17683F1A80F76900A7790F /* AppDelegate.m in Sources */,
			);
			runOnlyForDeploymentPostprocessing = 0;
		};
		2A1768471A80F76900A7790F /* Sources */ = {
			isa = PBXSourcesBuildPhase;
			buildActionMask = 2147483647;
			files = (
				2A1768521A80F76900A7790F /* MongoBoxTests.m in Sources */,
			);
			runOnlyForDeploymentPostprocessing = 0;
		};
/* End PBXSourcesBuildPhase section */

/* Begin PBXTargetDependency section */
		2A17684D1A80F76900A7790F /* PBXTargetDependency */ = {
			isa = PBXTargetDependency;
			target = 2A1768371A80F76900A7790F /* Floppy */;
			targetProxy = 2A17684C1A80F76900A7790F /* PBXContainerItemProxy */;
		};
/* End PBXTargetDependency section */

/* Begin PBXVariantGroup section */
		2A1768441A80F76900A7790F /* MainMenu.xib */ = {
			isa = PBXVariantGroup;
			children = (
				2A1768451A80F76900A7790F /* Base */,
			);
			name = MainMenu.xib;
			sourceTree = "<group>";
		};
/* End PBXVariantGroup section */

/* Begin XCBuildConfiguration section */
		2A1768531A80F76900A7790F /* Debug */ = {
			isa = XCBuildConfiguration;
			buildSettings = {
				ALWAYS_SEARCH_USER_PATHS = NO;
				CLANG_CXX_LANGUAGE_STANDARD = "gnu++0x";
				CLANG_CXX_LIBRARY = "libc++";
				CLANG_ENABLE_MODULES = YES;
				CLANG_ENABLE_OBJC_ARC = YES;
				CLANG_WARN_BOOL_CONVERSION = YES;
				CLANG_WARN_CONSTANT_CONVERSION = YES;
				CLANG_WARN_DIRECT_OBJC_ISA_USAGE = YES_ERROR;
				CLANG_WARN_EMPTY_BODY = YES;
				CLANG_WARN_ENUM_CONVERSION = YES;
				CLANG_WARN_INT_CONVERSION = YES;
				CLANG_WARN_OBJC_ROOT_CLASS = YES_ERROR;
				CLANG_WARN_UNREACHABLE_CODE = YES;
				CLANG_WARN__DUPLICATE_METHOD_MATCH = YES;
				CODE_SIGN_IDENTITY = "";
				COPY_PHASE_STRIP = NO;
				ENABLE_STRICT_OBJC_MSGSEND = YES;
				GCC_C_LANGUAGE_STANDARD = gnu99;
				GCC_DYNAMIC_NO_PIC = NO;
				GCC_OPTIMIZATION_LEVEL = 0;
				GCC_PREPROCESSOR_DEFINITIONS = (
					"DEBUG=1",
					"$(inherited)",
				);
				GCC_SYMBOLS_PRIVATE_EXTERN = NO;
				GCC_WARN_64_TO_32_BIT_CONVERSION = YES;
				GCC_WARN_ABOUT_RETURN_TYPE = YES_ERROR;
				GCC_WARN_UNDECLARED_SELECTOR = YES;
				GCC_WARN_UNINITIALIZED_AUTOS = YES_AGGRESSIVE;
				GCC_WARN_UNUSED_FUNCTION = YES;
				GCC_WARN_UNUSED_VARIABLE = YES;
				MACOSX_DEPLOYMENT_TARGET = 10.10;
				MTL_ENABLE_DEBUG_INFO = YES;
				ONLY_ACTIVE_ARCH = YES;
				SDKROOT = macosx;
			};
			name = Debug;
		};
		2A1768541A80F76900A7790F /* Release */ = {
			isa = XCBuildConfiguration;
			buildSettings = {
				ALWAYS_SEARCH_USER_PATHS = NO;
				CLANG_CXX_LANGUAGE_STANDARD = "gnu++0x";
				CLANG_CXX_LIBRARY = "libc++";
				CLANG_ENABLE_MODULES = YES;
				CLANG_ENABLE_OBJC_ARC = YES;
				CLANG_WARN_BOOL_CONVERSION = YES;
				CLANG_WARN_CONSTANT_CONVERSION = YES;
				CLANG_WARN_DIRECT_OBJC_ISA_USAGE = YES_ERROR;
				CLANG_WARN_EMPTY_BODY = YES;
				CLANG_WARN_ENUM_CONVERSION = YES;
				CLANG_WARN_INT_CONVERSION = YES;
				CLANG_WARN_OBJC_ROOT_CLASS = YES_ERROR;
				CLANG_WARN_UNREACHABLE_CODE = YES;
				CLANG_WARN__DUPLICATE_METHOD_MATCH = YES;
				CODE_SIGN_IDENTITY = "";
				COPY_PHASE_STRIP = YES;
				DEBUG_INFORMATION_FORMAT = "dwarf-with-dsym";
				ENABLE_NS_ASSERTIONS = NO;
				ENABLE_STRICT_OBJC_MSGSEND = YES;
				GCC_C_LANGUAGE_STANDARD = gnu99;
				GCC_WARN_64_TO_32_BIT_CONVERSION = YES;
				GCC_WARN_ABOUT_RETURN_TYPE = YES_ERROR;
				GCC_WARN_UNDECLARED_SELECTOR = YES;
				GCC_WARN_UNINITIALIZED_AUTOS = YES_AGGRESSIVE;
				GCC_WARN_UNUSED_FUNCTION = YES;
				GCC_WARN_UNUSED_VARIABLE = YES;
				MACOSX_DEPLOYMENT_TARGET = 10.10;
				MTL_ENABLE_DEBUG_INFO = NO;
				SDKROOT = macosx;
			};
			name = Release;
		};
		2A1768561A80F76900A7790F /* Debug */ = {
			isa = XCBuildConfiguration;
			buildSettings = {
				ASSETCATALOG_COMPILER_APPICON_NAME = AppIcon;
				COMBINE_HIDPI_IMAGES = YES;
				INFOPLIST_FILE = MongoBox/Info.plist;
				LD_RUNPATH_SEARCH_PATHS = "$(inherited) @executable_path/../Frameworks";
				PRODUCT_NAME = "$(TARGET_NAME)";
			};
			name = Debug;
		};
		2A1768571A80F76900A7790F /* Release */ = {
			isa = XCBuildConfiguration;
			buildSettings = {
				ASSETCATALOG_COMPILER_APPICON_NAME = AppIcon;
				COMBINE_HIDPI_IMAGES = YES;
				INFOPLIST_FILE = MongoBox/Info.plist;
				LD_RUNPATH_SEARCH_PATHS = "$(inherited) @executable_path/../Frameworks";
				PRODUCT_NAME = "$(TARGET_NAME)";
			};
			name = Release;
		};
		2A1768591A80F76900A7790F /* Debug */ = {
			isa = XCBuildConfiguration;
			buildSettings = {
				BUNDLE_LOADER = "$(TEST_HOST)";
				COMBINE_HIDPI_IMAGES = YES;
				FRAMEWORK_SEARCH_PATHS = (
					"$(DEVELOPER_FRAMEWORKS_DIR)",
					"$(inherited)",
				);
				GCC_PREPROCESSOR_DEFINITIONS = (
					"DEBUG=1",
					"$(inherited)",
				);
				INFOPLIST_FILE = MongoBoxTests/Info.plist;
				LD_RUNPATH_SEARCH_PATHS = "$(inherited) @executable_path/../Frameworks @loader_path/../Frameworks";
				PRODUCT_NAME = "$(TARGET_NAME)";
				TEST_HOST = "$(BUILT_PRODUCTS_DIR)/MongoBox.app/Contents/MacOS/MongoBox";
			};
			name = Debug;
		};
		2A17685A1A80F76900A7790F /* Release */ = {
			isa = XCBuildConfiguration;
			buildSettings = {
				BUNDLE_LOADER = "$(TEST_HOST)";
				COMBINE_HIDPI_IMAGES = YES;
				FRAMEWORK_SEARCH_PATHS = (
					"$(DEVELOPER_FRAMEWORKS_DIR)",
					"$(inherited)",
				);
				INFOPLIST_FILE = MongoBoxTests/Info.plist;
				LD_RUNPATH_SEARCH_PATHS = "$(inherited) @executable_path/../Frameworks @loader_path/../Frameworks";
				PRODUCT_NAME = "$(TARGET_NAME)";
				TEST_HOST = "$(BUILT_PRODUCTS_DIR)/MongoBox.app/Contents/MacOS/MongoBox";
			};
			name = Release;
		};
/* End XCBuildConfiguration section */

/* Begin XCConfigurationList section */
		2A1768331A80F76900A7790F /* Build configuration list for PBXProject "Floppy" */ = {
			isa = XCConfigurationList;
			buildConfigurations = (
				2A1768531A80F76900A7790F /* Debug */,
				2A1768541A80F76900A7790F /* Release */,
			);
			defaultConfigurationIsVisible = 0;
			defaultConfigurationName = Release;
		};
		2A1768551A80F76900A7790F /* Build configuration list for PBXNativeTarget "Floppy" */ = {
			isa = XCConfigurationList;
			buildConfigurations = (
				2A1768561A80F76900A7790F /* Debug */,
				2A1768571A80F76900A7790F /* Release */,
			);
			defaultConfigurationIsVisible = 0;
			defaultConfigurationName = Release;
		};
		2A1768581A80F76900A7790F /* Build configuration list for PBXNativeTarget "MongoBoxTests" */ = {
			isa = XCConfigurationList;
			buildConfigurations = (
				2A1768591A80F76900A7790F /* Debug */,
				2A17685A1A80F76900A7790F /* Release */,
			);
			defaultConfigurationIsVisible = 0;
			defaultConfigurationName = Release;
		};
/* End XCConfigurationList section */
	};
	rootObject = 2A1768301A80F76900A7790F /* Project object */;
}
